github.com/davecheney/i2c v0.0.0-20140823063045-caf08501bef2 h1:dJlrNN+WwRQae3jpM5U4K/YEug8H70UJ81qFTIW8OWw=
github.com/davecheney/i2c v0.0.0-20140823063045-caf08501bef2/go.mod h1:dLsKZHRI/M1y9t45kzobSt8ozHf+wsCe+ahxsg51Vy0=
golang.org/x/sys v0.18.0 h1:DBdB3niSjOA/O0blCZBqDefyWNYveAYMNF1Wum0DYQ4=
golang.org/x/sys v0.18.0/go.mod h1:/VUhepiaJMQUp4+oa/7Zr1D23ma6VTLIYjOOTFZPUcA=
